
Microsoft Visual Studio Solution File, Format Version 12.00
# Visual Studio Version 17
VisualStudioVersion = 17.2.32519.379
MinimumVisualStudioVersion = 10.0.40219.1
Project("{FAE04EC0-301F-11D3-BF4B-00C04F79EFBC}") = "CustomersApi", "CustomersApi\CustomersApi.csproj", "{C0B96BC0-1C40-4FBF-AF50-54F6EBC3BD89}"
EndProject
Global
	GlobalSection(SolutionConfigurationPlatforms) = preSolution
		Debug|Any CPU = Debug|Any CPU
		Release|Any CPU = Release|Any CPU
	EndGlobalSection
	GlobalSection(ProjectConfigurationPlatforms) = postSolution
		{C0B96BC0-1C40-4FBF-AF50-54F6EBC3BD89}.Debug|Any CPU.ActiveCfg = Debug|Any CPU
		{C0B96BC0-1C40-4FBF-AF50-54F6EBC3BD89}.Debug|Any CPU.Build.0 = Debug|Any CPU
		{C0B96BC0-1C40-4FBF-AF50-54F6EBC3BD89}.Release|Any CPU.ActiveCfg = Release|Any CPU
		{C0B96BC0-1C40-4FBF-AF50-54F6EBC3BD89}.Release|Any CPU.Build.0 = Release|Any CPU
	EndGlobalSection
	GlobalSection(SolutionProperties) = preSolution
		HideSolutionNode = FALSE
	EndGlobalSection
	GlobalSection(ExtensibilityGlobals) = postSolution
		SolutionGuid = {6555B2FA-0EA0-4685-AA8A-DD297E289DC6}
	EndGlobalSection
EndGlobal
